<Project xmlns="http://schemas.microsoft.com/developer/msbuild/2003">
    <PropertyGroup>
        <ProjectGuid>{89464ffc-4ccd-4fb1-830d-f5001e388fc3}</ProjectGuid>
        <MainSource>DragDropHandlerShellExt.dpr</MainSource>
        <Configuration Condition=" '$(Configuration)' == '' ">Debug</Configuration>
        <DCC_DCCCompiler>DCC32</DCC_DCCCompiler>
        <DCC_DependencyCheckOutputName>DragDropHandlerShellExt.dll</DCC_DependencyCheckOutputName>
        <ProjectVersion>19.5</ProjectVersion>
        <Config Condition="'$(Config)'==''">Debug</Config>
        <Base>True</Base>
        <AppType>Library</AppType>
        <FrameworkType>None</FrameworkType>
        <Platform Condition="'$(Platform)'==''">Win64</Platform>
        <TargetedPlatforms>3</TargetedPlatforms>
    </PropertyGroup>
    <PropertyGroup Condition="'$(Config)'=='Base' or '$(Base)'!=''">
        <Base>true</Base>
    </PropertyGroup>
    <PropertyGroup Condition="('$(Platform)'=='Win32' and '$(Base)'=='true') or '$(Base_Win32)'!=''">
        <Base_Win32>true</Base_Win32>
        <CfgParent>Base</CfgParent>
        <Base>true</Base>
    </PropertyGroup>
    <PropertyGroup Condition="('$(Platform)'=='Win64' and '$(Base)'=='true') or '$(Base_Win64)'!=''">
        <Base_Win64>true</Base_Win64>
        <CfgParent>Base</CfgParent>
        <Base>true</Base>
    </PropertyGroup>
    <PropertyGroup Condition="'$(Config)'=='Release' or '$(Cfg_1)'!=''">
        <Cfg_1>true</Cfg_1>
        <CfgParent>Base</CfgParent>
        <Base>true</Base>
    </PropertyGroup>
    <PropertyGroup Condition="'$(Config)'=='Debug' or '$(Cfg_2)'!=''">
        <Cfg_2>true</Cfg_2>
        <CfgParent>Base</CfgParent>
        <Base>true</Base>
    </PropertyGroup>
    <PropertyGroup Condition="('$(Platform)'=='Win32' and '$(Cfg_2)'=='true') or '$(Cfg_2_Win32)'!=''">
        <Cfg_2_Win32>true</Cfg_2_Win32>
        <CfgParent>Cfg_2</CfgParent>
        <Cfg_2>true</Cfg_2>
        <Base>true</Base>
    </PropertyGroup>
    <PropertyGroup Condition="('$(Platform)'=='Win64' and '$(Cfg_2)'=='true') or '$(Cfg_2_Win64)'!=''">
        <Cfg_2_Win64>true</Cfg_2_Win64>
        <CfgParent>Cfg_2</CfgParent>
        <Cfg_2>true</Cfg_2>
        <Base>true</Base>
    </PropertyGroup>
    <PropertyGroup Condition="'$(Base)'!=''">
        <DCC_DependencyCheckOutputName>DragDropHandlerShellExt.dll</DCC_DependencyCheckOutputName>
        <GenDll>true</GenDll>
        <SanitizedProjectName>DragDropHandlerShellExt</SanitizedProjectName>
        <VerInfo_Locale>1033</VerInfo_Locale>
        <VerInfo_Keys>CompanyName=Anders Melander;FileDescription=Drag and Drop Component Suite demo shell extension;FileVersion=1.0.0.0;InternalName=;LegalCopyright=© 2000-2023 Anders Melander;LegalTrademarks=;OriginalFilename=$(MSBuildProjectName);ProductName=Drag and Drop Component Suite;ProductVersion=1.0.0.0;Comments=</VerInfo_Keys>
        <DCC_Namespace>Vcl;Vcl.Imaging;Vcl.Touch;Vcl.Samples;Vcl.Shell;System;System.Win;Xml;Data;Datasnap;Web;Soap;Winapi;$(DCC_Namespace)</DCC_Namespace>
        <DCC_ExeOutput>.\Bin\$(Platform)\$(Config)</DCC_ExeOutput>
        <DCC_DcuOutput>.\Lib\$(Platform)\$(Config)</DCC_DcuOutput>
        <DCC_UnitSearchPath>..\..\Source;$(DCC_UnitSearchPath)</DCC_UnitSearchPath>
        <VerInfo_IncludeVerInfo>true</VerInfo_IncludeVerInfo>
        <DCC_DebugDCUs>true</DCC_DebugDCUs>
    </PropertyGroup>
    <PropertyGroup Condition="'$(Base_Win32)'!=''">
        <BT_BuildType>Debug</BT_BuildType>
        <Manifest_File>(None)</Manifest_File>
        <AppDPIAwarenessMode>none</AppDPIAwarenessMode>
    </PropertyGroup>
    <PropertyGroup Condition="'$(Base_Win64)'!=''">
        <BT_BuildType>Debug</BT_BuildType>
        <Manifest_File>(None)</Manifest_File>
        <AppDPIAwarenessMode>none</AppDPIAwarenessMode>
    </PropertyGroup>
    <PropertyGroup Condition="'$(Cfg_1)'!=''">
        <Version>7.0</Version>
        <DCC_DebugInformation>0</DCC_DebugInformation>
        <DCC_WriteableConstants>True</DCC_WriteableConstants>
        <DCC_LocalDebugSymbols>False</DCC_LocalDebugSymbols>
        <DCC_SymbolReferenceInfo>0</DCC_SymbolReferenceInfo>
        <DCC_ObjOutput>.</DCC_ObjOutput>
        <DCC_HppOutput>.</DCC_HppOutput>
        <DCC_ResourcePath>..\..\Source;$(DCC_ResourcePath)</DCC_ResourcePath>
        <DCC_ObjPath>..\..\Source;$(DCC_ObjPath)</DCC_ObjPath>
        <DCC_IncludePath>..\..\Source;$(DCC_IncludePath)</DCC_IncludePath>
        <DCC_Define>RELEASE;$(DCC_Define)</DCC_Define>
        <DCC_UNSAFE_TYPE>True</DCC_UNSAFE_TYPE>
        <DCC_UNSAFE_CODE>True</DCC_UNSAFE_CODE>
        <DCC_UNSAFE_CAST>True</DCC_UNSAFE_CAST>
    </PropertyGroup>
    <PropertyGroup Condition="'$(Cfg_2)'!=''">
        <Version>7.0</Version>
        <DCC_WriteableConstants>True</DCC_WriteableConstants>
        <DCC_ObjOutput>.</DCC_ObjOutput>
        <DCC_HppOutput>.</DCC_HppOutput>
        <DCC_ResourcePath>..\..\Source;$(DCC_ResourcePath)</DCC_ResourcePath>
        <DCC_ObjPath>..\..\Source;$(DCC_ObjPath)</DCC_ObjPath>
        <DCC_IncludePath>..\..\Source;$(DCC_IncludePath)</DCC_IncludePath>
        <DCC_Define>DEBUG;$(DCC_Define)</DCC_Define>
        <DCC_UNSAFE_TYPE>True</DCC_UNSAFE_TYPE>
        <DCC_UNSAFE_CODE>True</DCC_UNSAFE_CODE>
        <DCC_UNSAFE_CAST>True</DCC_UNSAFE_CAST>
    </PropertyGroup>
    <PropertyGroup Condition="'$(Cfg_2_Win32)'!=''">
        <Debugger_HostApplication>C:\Windows\System32\regsvr32.exe</Debugger_HostApplication>
        <Debugger_RunParams>-u DragDropHandlerShellExt.dll</Debugger_RunParams>
    </PropertyGroup>
    <PropertyGroup Condition="'$(Cfg_2_Win64)'!=''">
        <Debugger_HostApplication>C:\Windows\System32\regsvr32.exe</Debugger_HostApplication>
        <Debugger_RunParams>DragDropHandlerShellExt.dll</Debugger_RunParams>
    </PropertyGroup>
    <ProjectExtensions>
        <Borland.Personality>Delphi.Personality.12</Borland.Personality>
        <Borland.ProjectType>VCLApplication</Borland.ProjectType>
        <BorlandProject>
            <Delphi.Personality>
                <Parameters/>
                <VersionInfo>
                    <VersionInfo Name="IncludeVerInfo">False</VersionInfo>
                    <VersionInfo Name="AutoIncBuild">False</VersionInfo>
                    <VersionInfo Name="MajorVer">1</VersionInfo>
                    <VersionInfo Name="MinorVer">0</VersionInfo>
                    <VersionInfo Name="Release">0</VersionInfo>
                    <VersionInfo Name="Build">0</VersionInfo>
                    <VersionInfo Name="Debug">False</VersionInfo>
                    <VersionInfo Name="PreRelease">False</VersionInfo>
                    <VersionInfo Name="Special">False</VersionInfo>
                    <VersionInfo Name="Private">False</VersionInfo>
                    <VersionInfo Name="DLL">False</VersionInfo>
                    <VersionInfo Name="Locale">1030</VersionInfo>
                    <VersionInfo Name="CodePage">1252</VersionInfo>
                </VersionInfo>
                <VersionInfoKeys>
                    <VersionInfoKeys Name="CompanyName"/>
                    <VersionInfoKeys Name="FileDescription"/>
                    <VersionInfoKeys Name="FileVersion">1.0.0.0</VersionInfoKeys>
                    <VersionInfoKeys Name="InternalName"/>
                    <VersionInfoKeys Name="LegalCopyright"/>
                    <VersionInfoKeys Name="LegalTrademarks"/>
                    <VersionInfoKeys Name="OriginalFilename"/>
                    <VersionInfoKeys Name="ProductName"/>
                    <VersionInfoKeys Name="ProductVersion">1.0.0.0</VersionInfoKeys>
                    <VersionInfoKeys Name="Comments"/>
                </VersionInfoKeys>
                <Source>
                    <Source Name="MainSource">DragDropHandlerShellExt.dpr</Source>
                </Source>
                <Excluded_Packages>
                    <Excluded_Packages Name="$(BDSBIN)\dcloffice2k280.bpl">Microsoft Office 2000 Sample Automation Server Wrapper Components</Excluded_Packages>
                    <Excluded_Packages Name="$(BDSBIN)\dclofficexp280.bpl">Microsoft Office XP Sample Automation Server Wrapper Components</Excluded_Packages>
                </Excluded_Packages>
            </Delphi.Personality>
            <Platforms>
                <Platform value="Win32">True</Platform>
                <Platform value="Win64">True</Platform>
            </Platforms>
        </BorlandProject>
        <ProjectFileVersion>12</ProjectFileVersion>
    </ProjectExtensions>
    <ItemGroup>
        <DelphiCompile Include="$(MainSource)">
            <MainSource>MainSource</MainSource>
        </DelphiCompile>
        <DCCReference Include="DragDropHandlerMain.pas">
            <Form>DataModuleDragDropHandler</Form>
            <DesignClass>TDataModule</DesignClass>
        </DCCReference>
        <None Include="readme.txt"/>
        <BuildConfiguration Include="Base">
            <Key>Base</Key>
        </BuildConfiguration>
        <BuildConfiguration Include="Release">
            <Key>Cfg_1</Key>
            <CfgParent>Base</CfgParent>
        </BuildConfiguration>
        <BuildConfiguration Include="Debug">
            <Key>Cfg_2</Key>
            <CfgParent>Base</CfgParent>
        </BuildConfiguration>
    </ItemGroup>
    <ItemGroup/>
    <Import Condition="Exists('$(BDS)\Bin\CodeGear.Delphi.Targets')" Project="$(BDS)\Bin\CodeGear.Delphi.Targets"/>
    <Import Condition="Exists('$(APPDATA)\Embarcadero\$(BDSAPPDATABASEDIR)\$(PRODUCTVERSION)\UserTools.proj')" Project="$(APPDATA)\Embarcadero\$(BDSAPPDATABASEDIR)\$(PRODUCTVERSION)\UserTools.proj"/>
</Project>
